
Microsoft Visual Studio Solution File, Format Version 12.00
# Visual Studio 14
VisualStudioVersion = 14.0.25420.1
MinimumVisualStudioVersion = 10.0.40219.1
Project("{FAE04EC0-301F-11D3-BF4B-00C04F79EFBC}") = "Bill2Pay.Web", "Bill2Pay.Web\Bill2Pay.Web.csproj", "{0C35D350-1CB1-4EE4-8797-8D1881D16C72}"
EndProject
Project("{FAE04EC0-301F-11D3-BF4B-00C04F79EFBC}") = "Bill2Pay.Model", "Bill2Pay.Model\Bill2Pay.Model.csproj", "{5B18DE1A-BB5F-4A86-B789-EC2849C5B634}"
EndProject
Project("{FAE04EC0-301F-11D3-BF4B-00C04F79EFBC}") = "Bill2Pay.GenerateIRSFile", "Bill2Pay.GenerateIRSFile\Bill2Pay.GenerateIRSFile.csproj", "{F85B0A62-95F3-46C3-87F0-A16D881CB0AD}"
EndProject
Project("{FAE04EC0-301F-11D3-BF4B-00C04F79EFBC}") = "TestLibrary", "TestLibrary\TestLibrary.csproj", "{E2924300-6ADD-4B0F-A820-98EFEA25189E}"
EndProject
Global
	GlobalSection(SolutionConfigurationPlatforms) = preSolution
		Debug|Any CPU = Debug|Any CPU
		Debug|ARM = Debug|ARM
		Debug|x64 = Debug|x64
		Debug|x86 = Debug|x86
		Release|Any CPU = Release|Any CPU
		Release|ARM = Release|ARM
		Release|x64 = Release|x64
		Release|x86 = Release|x86
	EndGlobalSection
	GlobalSection(ProjectConfigurationPlatforms) = postSolution
		{0C35D350-1CB1-4EE4-8797-8D1881D16C72}.Debug|Any CPU.ActiveCfg = Debug|Any CPU
		{0C35D350-1CB1-4EE4-8797-8D1881D16C72}.Debug|Any CPU.Build.0 = Debug|Any CPU
		{0C35D350-1CB1-4EE4-8797-8D1881D16C72}.Debug|ARM.ActiveCfg = Debug|Any CPU
		{0C35D350-1CB1-4EE4-8797-8D1881D16C72}.Debug|ARM.Build.0 = Debug|Any CPU
		{0C35D350-1CB1-4EE4-8797-8D1881D16C72}.Debug|x64.ActiveCfg = Debug|Any CPU
		{0C35D350-1CB1-4EE4-8797-8D1881D16C72}.Debug|x64.Build.0 = Debug|Any CPU
		{0C35D350-1CB1-4EE4-8797-8D1881D16C72}.Debug|x86.ActiveCfg = Debug|Any CPU
		{0C35D350-1CB1-4EE4-8797-8D1881D16C72}.Debug|x86.Build.0 = Debug|Any CPU
		{0C35D350-1CB1-4EE4-8797-8D1881D16C72}.Release|Any CPU.ActiveCfg = Release|Any CPU
		{0C35D350-1CB1-4EE4-8797-8D1881D16C72}.Release|Any CPU.Build.0 = Release|Any CPU
		{0C35D350-1CB1-4EE4-8797-8D1881D16C72}.Release|ARM.ActiveCfg = Release|Any CPU
		{0C35D350-1CB1-4EE4-8797-8D1881D16C72}.Release|ARM.Build.0 = Release|Any CPU
		{0C35D350-1CB1-4EE4-8797-8D1881D16C72}.Release|x64.ActiveCfg = Release|Any CPU
		{0C35D350-1CB1-4EE4-8797-8D1881D16C72}.Release|x64.Build.0 = Release|Any CPU
		{0C35D350-1CB1-4EE4-8797-8D1881D16C72}.Release|x86.ActiveCfg = Release|Any CPU
		{0C35D350-1CB1-4EE4-8797-8D1881D16C72}.Release|x86.Build.0 = Release|Any CPU
		{5B18DE1A-BB5F-4A86-B789-EC2849C5B634}.Debug|Any CPU.ActiveCfg = Debug|Any CPU
		{5B18DE1A-BB5F-4A86-B789-EC2849C5B634}.Debug|Any CPU.Build.0 = Debug|Any CPU
		{5B18DE1A-BB5F-4A86-B789-EC2849C5B634}.Debug|ARM.ActiveCfg = Debug|Any CPU
		{5B18DE1A-BB5F-4A86-B789-EC2849C5B634}.Debug|ARM.Build.0 = Debug|Any CPU
		{5B18DE1A-BB5F-4A86-B789-EC2849C5B634}.Debug|x64.ActiveCfg = Debug|Any CPU
		{5B18DE1A-BB5F-4A86-B789-EC2849C5B634}.Debug|x64.Build.0 = Debug|Any CPU
		{5B18DE1A-BB5F-4A86-B789-EC2849C5B634}.Debug|x86.ActiveCfg = Debug|Any CPU
		{5B18DE1A-BB5F-4A86-B789-EC2849C5B634}.Debug|x86.Build.0 = Debug|Any CPU
		{5B18DE1A-BB5F-4A86-B789-EC2849C5B634}.Release|Any CPU.ActiveCfg = Release|Any CPU
		{5B18DE1A-BB5F-4A86-B789-EC2849C5B634}.Release|Any CPU.Build.0 = Release|Any CPU
		{5B18DE1A-BB5F-4A86-B789-EC2849C5B634}.Release|ARM.ActiveCfg = Release|Any CPU
		{5B18DE1A-BB5F-4A86-B789-EC2849C5B634}.Release|ARM.Build.0 = Release|Any CPU
		{5B18DE1A-BB5F-4A86-B789-EC2849C5B634}.Release|x64.ActiveCfg = Release|Any CPU
		{5B18DE1A-BB5F-4A86-B789-EC2849C5B634}.Release|x64.Build.0 = Release|Any CPU
		{5B18DE1A-BB5F-4A86-B789-EC2849C5B634}.Release|x86.ActiveCfg = Release|Any CPU
		{5B18DE1A-BB5F-4A86-B789-EC2849C5B634}.Release|x86.Build.0 = Release|Any CPU
		{F85B0A62-95F3-46C3-87F0-A16D881CB0AD}.Debug|Any CPU.ActiveCfg = Debug|Any CPU
		{F85B0A62-95F3-46C3-87F0-A16D881CB0AD}.Debug|Any CPU.Build.0 = Debug|Any CPU
		{F85B0A62-95F3-46C3-87F0-A16D881CB0AD}.Debug|ARM.ActiveCfg = Debug|Any CPU
		{F85B0A62-95F3-46C3-87F0-A16D881CB0AD}.Debug|ARM.Build.0 = Debug|Any CPU
		{F85B0A62-95F3-46C3-87F0-A16D881CB0AD}.Debug|x64.ActiveCfg = Debug|Any CPU
		{F85B0A62-95F3-46C3-87F0-A16D881CB0AD}.Debug|x64.Build.0 = Debug|Any CPU
		{F85B0A62-95F3-46C3-87F0-A16D881CB0AD}.Debug|x86.ActiveCfg = Debug|Any CPU
		{F85B0A62-95F3-46C3-87F0-A16D881CB0AD}.Debug|x86.Build.0 = Debug|Any CPU
		{F85B0A62-95F3-46C3-87F0-A16D881CB0AD}.Release|Any CPU.ActiveCfg = Release|Any CPU
		{F85B0A62-95F3-46C3-87F0-A16D881CB0AD}.Release|Any CPU.Build.0 = Release|Any CPU
		{F85B0A62-95F3-46C3-87F0-A16D881CB0AD}.Release|ARM.ActiveCfg = Release|Any CPU
		{F85B0A62-95F3-46C3-87F0-A16D881CB0AD}.Release|ARM.Build.0 = Release|Any CPU
		{F85B0A62-95F3-46C3-87F0-A16D881CB0AD}.Release|x64.ActiveCfg = Release|Any CPU
		{F85B0A62-95F3-46C3-87F0-A16D881CB0AD}.Release|x64.Build.0 = Release|Any CPU
		{F85B0A62-95F3-46C3-87F0-A16D881CB0AD}.Release|x86.ActiveCfg = Release|Any CPU
		{F85B0A62-95F3-46C3-87F0-A16D881CB0AD}.Release|x86.Build.0 = Release|Any CPU
		{E2924300-6ADD-4B0F-A820-98EFEA25189E}.Debug|Any CPU.ActiveCfg = Debug|Any CPU
		{E2924300-6ADD-4B0F-A820-98EFEA25189E}.Debug|Any CPU.Build.0 = Debug|Any CPU
		{E2924300-6ADD-4B0F-A820-98EFEA25189E}.Debug|ARM.ActiveCfg = Debug|Any CPU
		{E2924300-6ADD-4B0F-A820-98EFEA25189E}.Debug|x64.ActiveCfg = Debug|Any CPU
		{E2924300-6ADD-4B0F-A820-98EFEA25189E}.Debug|x86.ActiveCfg = Debug|Any CPU
		{E2924300-6ADD-4B0F-A820-98EFEA25189E}.Release|Any CPU.ActiveCfg = Release|Any CPU
		{E2924300-6ADD-4B0F-A820-98EFEA25189E}.Release|Any CPU.Build.0 = Release|Any CPU
		{E2924300-6ADD-4B0F-A820-98EFEA25189E}.Release|ARM.ActiveCfg = Release|Any CPU
		{E2924300-6ADD-4B0F-A820-98EFEA25189E}.Release|x64.ActiveCfg = Release|Any CPU
		{E2924300-6ADD-4B0F-A820-98EFEA25189E}.Release|x86.ActiveCfg = Release|Any CPU
	EndGlobalSection
	GlobalSection(SolutionProperties) = preSolution
		HideSolutionNode = FALSE
	EndGlobalSection
	GlobalSection(VaultVsipSolution-v2) = preSolution
		VaultHost = http://jaxb2pdev01/VaultService
		VaultRepositoryID = 20
		VaultRepositoryGUID = 5aac9cfd-3f3c-44d0-b486-065b4416204b
		ProjectCount = 4
		ProjectRelativeDiskPath1 = Bill2Pay.Web\Bill2Pay.Web.csproj
		ProjectRelativeDiskPath2 = Bill2Pay.Model\Bill2Pay.Model.csproj
		ProjectRelativeDiskPath3 = Bill2Pay.GenerateIRSFile\Bill2Pay.GenerateIRSFile.csproj
		ProjectRelativeDiskPath4 = TestLibrary\TestLibrary.csproj
	EndGlobalSection
EndGlobal
