
Microsoft Visual Studio Solution File, Format Version 12.00
# Visual Studio 14
VisualStudioVersion = 14.0.23107.0
MinimumVisualStudioVersion = 10.0.40219.1
Project("{F184B08F-C81C-45F6-A57F-5ABD9991F28F}") = "Bill2PayAdmin45", "Bill2PayAdmin45\Bill2PayAdmin45.vbproj", "{2130FE99-0629-467F-82A6-046EA21E247F}"
EndProject
Project("{F184B08F-C81C-45F6-A57F-5ABD9991F28F}") = "BizObjects", "BizObjects\BizObjects.vbproj", "{983C7C13-A2E6-47E4-86CF-FD1E90238F7A}"
EndProject
Global
	GlobalSection(SolutionConfigurationPlatforms) = preSolution
		Debug|Any CPU = Debug|Any CPU
		Debug|Mixed Platforms = Debug|Mixed Platforms
		Debug|x64 = Debug|x64
		Debug|x86 = Debug|x86
		Release|Any CPU = Release|Any CPU
		Release|Mixed Platforms = Release|Mixed Platforms
		Release|x64 = Release|x64
		Release|x86 = Release|x86
	EndGlobalSection
	GlobalSection(ProjectConfigurationPlatforms) = postSolution
		{2130FE99-0629-467F-82A6-046EA21E247F}.Debug|Any CPU.ActiveCfg = Debug|x86
		{2130FE99-0629-467F-82A6-046EA21E247F}.Debug|Any CPU.Build.0 = Debug|x86
		{2130FE99-0629-467F-82A6-046EA21E247F}.Debug|Mixed Platforms.ActiveCfg = Debug|x86
		{2130FE99-0629-467F-82A6-046EA21E247F}.Debug|Mixed Platforms.Build.0 = Debug|x86
		{2130FE99-0629-467F-82A6-046EA21E247F}.Debug|x64.ActiveCfg = Debug|Any CPU
		{2130FE99-0629-467F-82A6-046EA21E247F}.Debug|x86.ActiveCfg = Debug|x86
		{2130FE99-0629-467F-82A6-046EA21E247F}.Debug|x86.Build.0 = Debug|x86
		{2130FE99-0629-467F-82A6-046EA21E247F}.Release|Any CPU.ActiveCfg = Release|x86
		{2130FE99-0629-467F-82A6-046EA21E247F}.Release|Any CPU.Build.0 = Release|x86
		{2130FE99-0629-467F-82A6-046EA21E247F}.Release|Mixed Platforms.ActiveCfg = Release|x86
		{2130FE99-0629-467F-82A6-046EA21E247F}.Release|Mixed Platforms.Build.0 = Release|x86
		{2130FE99-0629-467F-82A6-046EA21E247F}.Release|x64.ActiveCfg = Release|Any CPU
		{2130FE99-0629-467F-82A6-046EA21E247F}.Release|x86.ActiveCfg = Release|Any CPU
		{983C7C13-A2E6-47E4-86CF-FD1E90238F7A}.Debug|Any CPU.ActiveCfg = Debug|Any CPU
		{983C7C13-A2E6-47E4-86CF-FD1E90238F7A}.Debug|Any CPU.Build.0 = Debug|Any CPU
		{983C7C13-A2E6-47E4-86CF-FD1E90238F7A}.Debug|Mixed Platforms.ActiveCfg = Debug|Any CPU
		{983C7C13-A2E6-47E4-86CF-FD1E90238F7A}.Debug|Mixed Platforms.Build.0 = Debug|Any CPU
		{983C7C13-A2E6-47E4-86CF-FD1E90238F7A}.Debug|x64.ActiveCfg = Debug|Any CPU
		{983C7C13-A2E6-47E4-86CF-FD1E90238F7A}.Debug|x64.Build.0 = Debug|Any CPU
		{983C7C13-A2E6-47E4-86CF-FD1E90238F7A}.Debug|x86.ActiveCfg = Debug|Any CPU
		{983C7C13-A2E6-47E4-86CF-FD1E90238F7A}.Debug|x86.Build.0 = Debug|Any CPU
		{983C7C13-A2E6-47E4-86CF-FD1E90238F7A}.Release|Any CPU.ActiveCfg = Release|Any CPU
		{983C7C13-A2E6-47E4-86CF-FD1E90238F7A}.Release|Any CPU.Build.0 = Release|Any CPU
		{983C7C13-A2E6-47E4-86CF-FD1E90238F7A}.Release|Mixed Platforms.ActiveCfg = Release|Any CPU
		{983C7C13-A2E6-47E4-86CF-FD1E90238F7A}.Release|Mixed Platforms.Build.0 = Release|Any CPU
		{983C7C13-A2E6-47E4-86CF-FD1E90238F7A}.Release|x64.ActiveCfg = Release|Any CPU
		{983C7C13-A2E6-47E4-86CF-FD1E90238F7A}.Release|x64.Build.0 = Release|Any CPU
		{983C7C13-A2E6-47E4-86CF-FD1E90238F7A}.Release|x86.ActiveCfg = Release|Any CPU
		{983C7C13-A2E6-47E4-86CF-FD1E90238F7A}.Release|x86.Build.0 = Release|Any CPU
	EndGlobalSection
	GlobalSection(SolutionProperties) = preSolution
		HideSolutionNode = FALSE
	EndGlobalSection
EndGlobal
